
Microsoft Visual Studio Solution File, Format Version 12.00
# Visual Studio 15
VisualStudioVersion = 15.0.28307.779
MinimumVisualStudioVersion = 10.0.40219.1
Project("{FAE04EC0-301F-11D3-BF4B-00C04F79EFBC}") = "WwcUrpApi", "WwcUrpApi\WwcUrpApi.csproj", "{C2759834-7F67-4019-95C1-6D4E3D2FEFC5}"
EndProject
Global
	GlobalSection(SolutionConfigurationPlatforms) = preSolution
		Debug|Any CPU = Debug|Any CPU
		Release|Any CPU = Release|Any CPU
	EndGlobalSection
	GlobalSection(ProjectConfigurationPlatforms) = postSolution
		{C2759834-7F67-4019-95C1-6D4E3D2FEFC5}.Debug|Any CPU.ActiveCfg = Debug|Any CPU
		{C2759834-7F67-4019-95C1-6D4E3D2FEFC5}.Debug|Any CPU.Build.0 = Debug|Any CPU
		{C2759834-7F67-4019-95C1-6D4E3D2FEFC5}.Release|Any CPU.ActiveCfg = Release|Any CPU
		{C2759834-7F67-4019-95C1-6D4E3D2FEFC5}.Release|Any CPU.Build.0 = Release|Any CPU
	EndGlobalSection
	GlobalSection(SolutionProperties) = preSolution
		HideSolutionNode = FALSE
	EndGlobalSection
	GlobalSection(ExtensibilityGlobals) = postSolution
		SolutionGuid = {4E1967CE-D87D-48B6-9C30-3D466A3F35D0}
	EndGlobalSection
EndGlobal
